
Microsoft Visual Studio Solution File, Format Version 12.00
# Visual Studio 15
VisualStudioVersion = 15.0.26730.10
MinimumVisualStudioVersion = 10.0.40219.1
Project("{FAE04EC0-301F-11D3-BF4B-00C04F79EFBC}") = "SolrNetCore", "SolrNetCore\SolrNetCore.csproj", "{0A0B7200-DB33-43CA-9AE1-A0B20A7F0B4C}"
EndProject
Project("{9A19103F-16F7-4668-BE54-9A1E7A4F7556}") = "HttpWebAdaptersCore", "HttpWebAdaptersCore\HttpWebAdaptersCore.csproj", "{0B278729-401F-48D0-B5A1-BD83AA03AECC}"
EndProject
Global
	GlobalSection(SolutionConfigurationPlatforms) = preSolution
		Debug|Any CPU = Debug|Any CPU
		Release|Any CPU = Release|Any CPU
	EndGlobalSection
	GlobalSection(ProjectConfigurationPlatforms) = postSolution
		{0A0B7200-DB33-43CA-9AE1-A0B20A7F0B4C}.Debug|Any CPU.ActiveCfg = Debug|Any CPU
		{0A0B7200-DB33-43CA-9AE1-A0B20A7F0B4C}.Debug|Any CPU.Build.0 = Debug|Any CPU
		{0A0B7200-DB33-43CA-9AE1-A0B20A7F0B4C}.Release|Any CPU.ActiveCfg = Release|Any CPU
		{0A0B7200-DB33-43CA-9AE1-A0B20A7F0B4C}.Release|Any CPU.Build.0 = Release|Any CPU
		{0B278729-401F-48D0-B5A1-BD83AA03AECC}.Debug|Any CPU.ActiveCfg = Debug|Any CPU
		{0B278729-401F-48D0-B5A1-BD83AA03AECC}.Debug|Any CPU.Build.0 = Debug|Any CPU
		{0B278729-401F-48D0-B5A1-BD83AA03AECC}.Release|Any CPU.ActiveCfg = Release|Any CPU
		{0B278729-401F-48D0-B5A1-BD83AA03AECC}.Release|Any CPU.Build.0 = Release|Any CPU
	EndGlobalSection
	GlobalSection(SolutionProperties) = preSolution
		HideSolutionNode = FALSE
	EndGlobalSection
	GlobalSection(ExtensibilityGlobals) = postSolution
		SolutionGuid = {406217EC-30B6-445D-9D6F-2BD118942DF1}
	EndGlobalSection
EndGlobal
